
Microsoft Visual Studio Solution File, Format Version 12.00
# Visual Studio Version 16
VisualStudioVersion = 16.0.29230.47
MinimumVisualStudioVersion = 10.0.40219.1
Project("{9A19103F-16F7-4668-BE54-9A1E7A4F7556}") = "Hangfire.RecurringJobAdmin.DotNetCore.Test", "Hangfire.RecurringJobAdmin.DotNetCore.Test\Hangfire.RecurringJobAdmin.DotNetCore.Test.csproj", "{304A9C63-ABDD-45C7-945D-EE6B7FAA6089}"
EndProject
Project("{9A19103F-16F7-4668-BE54-9A1E7A4F7556}") = "Hangfire.RecurringJobAdmin", "Hangfire.RecurringJobAdmin\Hangfire.RecurringJobAdmin.csproj", "{19BB87F5-8C75-4D72-8F7F-ACD0CBDC04C3}"
EndProject
Project("{FAE04EC0-301F-11D3-BF4B-00C04F79EFBC}") = "Hangfire.RecurringJobAdmin.NetFrameWork.Test", "Hangfire.RecurringJobAdmin.NetFrameWork.Test\Hangfire.RecurringJobAdmin.NetFrameWork.Test.csproj", "{AAB4D1E1-94DD-45A4-B7C0-515BE4D749B3}"
EndProject
Global
	GlobalSection(SolutionConfigurationPlatforms) = preSolution
		Debug|Any CPU = Debug|Any CPU
		Release|Any CPU = Release|Any CPU
	EndGlobalSection
	GlobalSection(ProjectConfigurationPlatforms) = postSolution
		{304A9C63-ABDD-45C7-945D-EE6B7FAA6089}.Debug|Any CPU.ActiveCfg = Debug|Any CPU
		{304A9C63-ABDD-45C7-945D-EE6B7FAA6089}.Debug|Any CPU.Build.0 = Debug|Any CPU
		{304A9C63-ABDD-45C7-945D-EE6B7FAA6089}.Release|Any CPU.ActiveCfg = Release|Any CPU
		{304A9C63-ABDD-45C7-945D-EE6B7FAA6089}.Release|Any CPU.Build.0 = Release|Any CPU
		{19BB87F5-8C75-4D72-8F7F-ACD0CBDC04C3}.Debug|Any CPU.ActiveCfg = Debug|Any CPU
		{19BB87F5-8C75-4D72-8F7F-ACD0CBDC04C3}.Debug|Any CPU.Build.0 = Debug|Any CPU
		{19BB87F5-8C75-4D72-8F7F-ACD0CBDC04C3}.Release|Any CPU.ActiveCfg = Release|Any CPU
		{19BB87F5-8C75-4D72-8F7F-ACD0CBDC04C3}.Release|Any CPU.Build.0 = Release|Any CPU
		{AAB4D1E1-94DD-45A4-B7C0-515BE4D749B3}.Debug|Any CPU.ActiveCfg = Debug|Any CPU
		{AAB4D1E1-94DD-45A4-B7C0-515BE4D749B3}.Debug|Any CPU.Build.0 = Debug|Any CPU
		{AAB4D1E1-94DD-45A4-B7C0-515BE4D749B3}.Release|Any CPU.ActiveCfg = Release|Any CPU
		{AAB4D1E1-94DD-45A4-B7C0-515BE4D749B3}.Release|Any CPU.Build.0 = Release|Any CPU
	EndGlobalSection
	GlobalSection(SolutionProperties) = preSolution
		HideSolutionNode = FALSE
	EndGlobalSection
	GlobalSection(ExtensibilityGlobals) = postSolution
		SolutionGuid = {D4CBEAD4-C4F8-4FC4-8629-AED90D5D144F}
	EndGlobalSection
EndGlobal
